
Microsoft Visual Studio Solution File, Format Version 12.00
# Visual Studio 14
VisualStudioVersion = 14.0.25123.0
MinimumVisualStudioVersion = 10.0.40219.1
Project("{FAE04EC0-301F-11D3-BF4B-00C04F79EFBC}") = "P3ImageManagement.Api", "P3ImageManagement.Api\P3ImageManagement.Api.csproj", "{388C0F95-9F3F-4E58-98D9-336216F31649}"
EndProject
Project("{FAE04EC0-301F-11D3-BF4B-00C04F79EFBC}") = "P3ImageManagement.Api.Tests", "P3ImageManagement.Api.Tests\P3ImageManagement.Api.Tests.csproj", "{14F6E3EA-FE6A-4993-88FC-B3424C1D6590}"
EndProject
Project("{FAE04EC0-301F-11D3-BF4B-00C04F79EFBC}") = "P3ImageManagement.UI.Web", "P3ImageManagement.UI.Web\P3ImageManagement.UI.Web.csproj", "{FD28B976-EC8A-4A7E-A9EF-499458829C74}"
EndProject
Project("{FAE04EC0-301F-11D3-BF4B-00C04F79EFBC}") = "P3ImageManagement.UI.Web.Tests", "P3ImageManagement.UI.Web.Tests\P3ImageManagement.UI.Web.Tests.csproj", "{EB25F2A7-6368-4B3B-A500-E232B791C19C}"
EndProject
Project("{FAE04EC0-301F-11D3-BF4B-00C04F79EFBC}") = "P3ImageManagement.Infra.Dao", "P3ImageManagement.Infra.Dao\P3ImageManagement.Infra.Dao.csproj", "{739FD184-106F-4635-9D0C-634B26AD2D44}"
EndProject
Project("{FAE04EC0-301F-11D3-BF4B-00C04F79EFBC}") = "P3ImageManagement.Domain", "P3ImageManagement.Domain\P3ImageManagement.Domain.csproj", "{5E8F6026-A8BC-4B1E-A712-423128E7B33C}"
EndProject
Global
	GlobalSection(SolutionConfigurationPlatforms) = preSolution
		Debug|Any CPU = Debug|Any CPU
		Release|Any CPU = Release|Any CPU
	EndGlobalSection
	GlobalSection(ProjectConfigurationPlatforms) = postSolution
		{388C0F95-9F3F-4E58-98D9-336216F31649}.Debug|Any CPU.ActiveCfg = Debug|Any CPU
		{388C0F95-9F3F-4E58-98D9-336216F31649}.Debug|Any CPU.Build.0 = Debug|Any CPU
		{388C0F95-9F3F-4E58-98D9-336216F31649}.Release|Any CPU.ActiveCfg = Release|Any CPU
		{388C0F95-9F3F-4E58-98D9-336216F31649}.Release|Any CPU.Build.0 = Release|Any CPU
		{14F6E3EA-FE6A-4993-88FC-B3424C1D6590}.Debug|Any CPU.ActiveCfg = Debug|Any CPU
		{14F6E3EA-FE6A-4993-88FC-B3424C1D6590}.Debug|Any CPU.Build.0 = Debug|Any CPU
		{14F6E3EA-FE6A-4993-88FC-B3424C1D6590}.Release|Any CPU.ActiveCfg = Release|Any CPU
		{14F6E3EA-FE6A-4993-88FC-B3424C1D6590}.Release|Any CPU.Build.0 = Release|Any CPU
		{FD28B976-EC8A-4A7E-A9EF-499458829C74}.Debug|Any CPU.ActiveCfg = Debug|Any CPU
		{FD28B976-EC8A-4A7E-A9EF-499458829C74}.Debug|Any CPU.Build.0 = Debug|Any CPU
		{FD28B976-EC8A-4A7E-A9EF-499458829C74}.Release|Any CPU.ActiveCfg = Release|Any CPU
		{FD28B976-EC8A-4A7E-A9EF-499458829C74}.Release|Any CPU.Build.0 = Release|Any CPU
		{EB25F2A7-6368-4B3B-A500-E232B791C19C}.Debug|Any CPU.ActiveCfg = Debug|Any CPU
		{EB25F2A7-6368-4B3B-A500-E232B791C19C}.Debug|Any CPU.Build.0 = Debug|Any CPU
		{EB25F2A7-6368-4B3B-A500-E232B791C19C}.Release|Any CPU.ActiveCfg = Release|Any CPU
		{EB25F2A7-6368-4B3B-A500-E232B791C19C}.Release|Any CPU.Build.0 = Release|Any CPU
		{739FD184-106F-4635-9D0C-634B26AD2D44}.Debug|Any CPU.ActiveCfg = Debug|Any CPU
		{739FD184-106F-4635-9D0C-634B26AD2D44}.Debug|Any CPU.Build.0 = Debug|Any CPU
		{739FD184-106F-4635-9D0C-634B26AD2D44}.Release|Any CPU.ActiveCfg = Release|Any CPU
		{739FD184-106F-4635-9D0C-634B26AD2D44}.Release|Any CPU.Build.0 = Release|Any CPU
		{5E8F6026-A8BC-4B1E-A712-423128E7B33C}.Debug|Any CPU.ActiveCfg = Debug|Any CPU
		{5E8F6026-A8BC-4B1E-A712-423128E7B33C}.Debug|Any CPU.Build.0 = Debug|Any CPU
		{5E8F6026-A8BC-4B1E-A712-423128E7B33C}.Release|Any CPU.ActiveCfg = Release|Any CPU
		{5E8F6026-A8BC-4B1E-A712-423128E7B33C}.Release|Any CPU.Build.0 = Release|Any CPU
	EndGlobalSection
	GlobalSection(SolutionProperties) = preSolution
		HideSolutionNode = FALSE
	EndGlobalSection
EndGlobal
